// !$*UTF8*$!
{
	archiveVersion = 1;
	classes = {
	};
	objectVersion = 56;
	objects = {

/* Begin PBXBuildFile section */
		9ADC60EB2CC7A63C00714967 /* AppDelegate.swift in Sources */ = {isa = PBXBuildFile; fileRef = 9ADC60EA2CC7A63C00714967 /* AppDelegate.swift */; };
		9ADC60ED2CC7A63C00714967 /* SceneDelegate.swift in Sources */ = {isa = PBXBuildFile; fileRef = 9ADC60EC2CC7A63C00714967 /* SceneDelegate.swift */; };
		9ADC60EF2CC7A63C00714967 /* ViewController.swift in Sources */ = {isa = PBXBuildFile; fileRef = 9ADC60EE2CC7A63C00714967 /* ViewController.swift */; };
		9ADC60F22CC7A63C00714967 /* Base in Resources */ = {isa = PBXBuildFile; fileRef = 9ADC60F12CC7A63C00714967 /* Base */; };
		9ADC60F42CC7A63E00714967 /* Assets.xcassets in Resources */ = {isa = PBXBuildFile; fileRef = 9ADC60F32CC7A63E00714967 /* Assets.xcassets */; };
		9ADC60F72CC7A63E00714967 /* Base in Resources */ = {isa = PBXBuildFile; fileRef = 9ADC60F62CC7A63E00714967 /* Base */; };
		9ADC61012CC7A6C200714967 /* PlayerView.swift in Sources */ = {isa = PBXBuildFile; fileRef = 9ADC61002CC7A6C200714967 /* PlayerView.swift */; };
		9ADC61092CC7CD7700714967 /* sample.mp4 in Resources */ = {isa = PBXBuildFile; fileRef = 9ADC61082CC7CD7700714967 /* sample.mp4 */; };
/* End PBXBuildFile section */

/* Begin PBXFileReference section */
		9ADC60E72CC7A63C00714967 /* CustomVideoPlayer.app */ = {isa = PBXFileReference; explicitFileType = wrapper.application; includeInIndex = 0; path = CustomVideoPlayer.app; sourceTree = BUILT_PRODUCTS_DIR; };
		9ADC60EA2CC7A63C00714967 /* AppDelegate.swift */ = {isa = PBXFileReference; lastKnownFileType = sourcecode.swift; path = AppDelegate.swift; sourceTree = "<group>"; };
		9ADC60EC2CC7A63C00714967 /* SceneDelegate.swift */ = {isa = PBXFileReference; lastKnownFileType = sourcecode.swift; path = SceneDelegate.swift; sourceTree = "<group>"; };
		9ADC60EE2CC7A63C00714967 /* ViewController.swift */ = {isa = PBXFileReference; lastKnownFileType = sourcecode.swift; path = ViewController.swift; sourceTree = "<group>"; };
		9ADC60F12CC7A63C00714967 /* Base */ = {isa = PBXFileReference; lastKnownFileType = file.storyboard; name = Base; path = Base.lproj/Main.storyboard; sourceTree = "<group>"; };
		9ADC60F32CC7A63E00714967 /* Assets.xcassets */ = {isa = PBXFileReference; lastKnownFileType = folder.assetcatalog; path = Assets.xcassets; sourceTree = "<group>"; };
		9ADC60F62CC7A63E00714967 /* Base */ = {isa = PBXFileReference; lastKnownFileType = file.storyboard; name = Base; path = Base.lproj/LaunchScreen.storyboard; sourceTree = "<group>"; };
		9ADC60F82CC7A63E00714967 /* Info.plist */ = {isa = PBXFileReference; lastKnownFileType = text.plist.xml; path = Info.plist; sourceTree = "<group>"; };
		9ADC61002CC7A6C200714967 /* PlayerView.swift */ = {isa = PBXFileReference; lastKnownFileType = sourcecode.swift; path = PlayerView.swift; sourceTree = "<group>"; };
		9ADC61082CC7CD7700714967 /* sample.mp4 */ = {isa = PBXFileReference; lastKnownFileType = file; name = sample.mp4; path = ../../sample.mp4; sourceTree = "<group>"; };
/* End PBXFileReference section */

/* Begin PBXFrameworksBuildPhase section */
		9ADC60E42CC7A63C00714967 /* Frameworks */ = {
			isa = PBXFrameworksBuildPhase;
			buildActionMask = 2147483647;
			files = (
			);
			runOnlyForDeploymentPostprocessing = 0;
		};
/* End PBXFrameworksBuildPhase section */

/* Begin PBXGroup section */
		9ADC60DE2CC7A63C00714967 = {
			isa = PBXGroup;
			children = (
				9ADC60E92CC7A63C00714967 /* CustomVideoPlayer */,
				9ADC60E82CC7A63C00714967 /* Products */,
			);
			sourceTree = "<group>";
		};
		9ADC60E82CC7A63C00714967 /* Products */ = {
			isa = PBXGroup;
			children = (
				9ADC60E72CC7A63C00714967 /* CustomVideoPlayer.app */,
			);
			name = Products;
			sourceTree = "<group>";
		};
		9ADC60E92CC7A63C00714967 /* CustomVideoPlayer */ = {
			isa = PBXGroup;
			children = (
				9ADC60EA2CC7A63C00714967 /* AppDelegate.swift */,
				9ADC60EC2CC7A63C00714967 /* SceneDelegate.swift */,
				9ADC60EE2CC7A63C00714967 /* ViewController.swift */,
				9ADC60F02CC7A63C00714967 /* Main.storyboard */,
				9ADC61002CC7A6C200714967 /* PlayerView.swift */,
				9ADC60F32CC7A63E00714967 /* Assets.xcassets */,
				9ADC60F52CC7A63E00714967 /* LaunchScreen.storyboard */,
				9ADC60F82CC7A63E00714967 /* Info.plist */,
				9ADC61082CC7CD7700714967 /* sample.mp4 */,
			);
			path = CustomVideoPlayer;
			sourceTree = "<group>";
		};
/* End PBXGroup section */

/* Begin PBXNativeTarget section */
		9ADC60E62CC7A63C00714967 /* CustomVideoPlayer */ = {
			isa = PBXNativeTarget;
			buildConfigurationList = 9ADC60FB2CC7A63E00714967 /* Build configuration list for PBXNativeTarget "CustomVideoPlayer" */;
			buildPhases = (
				9ADC60E32CC7A63C00714967 /* Sources */,
				9ADC60E42CC7A63C00714967 /* Frameworks */,
				9ADC60E52CC7A63C00714967 /* Resources */,
			);
			buildRules = (
			);
			dependencies = (
			);
			name = CustomVideoPlayer;
			productName = CustomVideoPlayer;
			productReference = 9ADC60E72CC7A63C00714967 /* CustomVideoPlayer.app */;
			productType = "com.apple.product-type.application";
		};
/* End PBXNativeTarget section */

/* Begin PBXProject section */
		9ADC60DF2CC7A63C00714967 /* Project object */ = {
			isa = PBXProject;
			attributes = {
				BuildIndependentTargetsInParallel = 1;
				LastSwiftUpdateCheck = 1540;
				LastUpgradeCheck = 1540;
				TargetAttributes = {
					9ADC60E62CC7A63C00714967 = {
						CreatedOnToolsVersion = 15.4;
					};
				};
			};
			buildConfigurationList = 9ADC60E22CC7A63C00714967 /* Build configuration list for PBXProject "CustomVideoPlayer" */;
			compatibilityVersion = "Xcode 14.0";
			developmentRegion = en;
			hasScannedForEncodings = 0;
			knownRegions = (
				en,
				Base,
			);
			mainGroup = 9ADC60DE2CC7A63C00714967;
			productRefGroup = 9ADC60E82CC7A63C00714967 /* Products */;
			projectDirPath = "";
			projectRoot = "";
			targets = (
				9ADC60E62CC7A63C00714967 /* CustomVideoPlayer */,
			);
		};
/* End PBXProject section */

/* Begin PBXResourcesBuildPhase section */
		9ADC60E52CC7A63C00714967 /* Resources */ = {
			isa = PBXResourcesBuildPhase;
			buildActionMask = 2147483647;
			files = (
				9ADC60F42CC7A63E00714967 /* Assets.xcassets in Resources */,
				9ADC60F72CC7A63E00714967 /* Base in Resources */,
				9ADC60F22CC7A63C00714967 /* Base in Resources */,
				9ADC61092CC7CD7700714967 /* sample.mp4 in Resources */,
			);
			runOnlyForDeploymentPostprocessing = 0;
		};
/* End PBXResourcesBuildPhase section */

/* Begin PBXSourcesBuildPhase section */
		9ADC60E32CC7A63C00714967 /* Sources */ = {
			isa = PBXSourcesBuildPhase;
			buildActionMask = 2147483647;
			files = (
				9ADC60EF2CC7A63C00714967 /* ViewController.swift in Sources */,
				9ADC60EB2CC7A63C00714967 /* AppDelegate.swift in Sources */,
				9ADC60ED2CC7A63C00714967 /* SceneDelegate.swift in Sources */,
				9ADC61012CC7A6C200714967 /* PlayerView.swift in Sources */,
			);
			runOnlyForDeploymentPostprocessing = 0;
		};
/* End PBXSourcesBuildPhase section */

/* Begin PBXVariantGroup section */
		9ADC60F02CC7A63C00714967 /* Main.storyboard */ = {
			isa = PBXVariantGroup;
			children = (
				9ADC60F12CC7A63C00714967 /* Base */,
			);
			name = Main.storyboard;
			sourceTree = "<group>";
		};
		9ADC60F52CC7A63E00714967 /* LaunchScreen.storyboard */ = {
			isa = PBXVariantGroup;
			children = (
				9ADC60F62CC7A63E00714967 /* Base */,
			);
			name = LaunchScreen.storyboard;
			sourceTree = "<group>";
		};
/* End PBXVariantGroup section */

/* Begin XCBuildConfiguration section */
		9ADC60F92CC7A63E00714967 /* Debug */ = {
			isa = XCBuildConfiguration;
			buildSettings = {
				ALWAYS_SEARCH_USER_PATHS = NO;
				ASSETCATALOG_COMPILER_GENERATE_SWIFT_ASSET_SYMBOL_EXTENSIONS = YES;
				CLANG_ANALYZER_NONNULL = YES;
				CLANG_ANALYZER_NUMBER_OBJECT_CONVERSION = YES_AGGRESSIVE;
				CLANG_CXX_LANGUAGE_STANDARD = "gnu++20";
				CLANG_ENABLE_MODULES = YES;
				CLANG_ENABLE_OBJC_ARC = YES;
				CLANG_ENABLE_OBJC_WEAK = YES;
				CLANG_WARN_BLOCK_CAPTURE_AUTORELEASING = YES;
				CLANG_WARN_BOOL_CONVERSION = YES;
				CLANG_WARN_COMMA = YES;
				CLANG_WARN_CONSTANT_CONVERSION = YES;
				CLANG_WARN_DEPRECATED_OBJC_IMPLEMENTATIONS = YES;
				CLANG_WARN_DIRECT_OBJC_ISA_USAGE = YES_ERROR;
				CLANG_WARN_DOCUMENTATION_COMMENTS = YES;
				CLANG_WARN_EMPTY_BODY = YES;
				CLANG_WARN_ENUM_CONVERSION = YES;
				CLANG_WARN_INFINITE_RECURSION = YES;
				CLANG_WARN_INT_CONVERSION = YES;
				CLANG_WARN_NON_LITERAL_NULL_CONVERSION = YES;
				CLANG_WARN_OBJC_IMPLICIT_RETAIN_SELF = YES;
				CLANG_WARN_OBJC_LITERAL_CONVERSION = YES;
				CLANG_WARN_OBJC_ROOT_CLASS = YES_ERROR;
				CLANG_WARN_QUOTED_INCLUDE_IN_FRAMEWORK_HEADER = YES;
				CLANG_WARN_RANGE_LOOP_ANALYSIS = YES;
				CLANG_WARN_STRICT_PROTOTYPES = YES;
				CLANG_WARN_SUSPICIOUS_MOVE = YES;
				CLANG_WARN_UNGUARDED_AVAILABILITY = YES_AGGRESSIVE;
				CLANG_WARN_UNREACHABLE_CODE = YES;
				CLANG_WARN__DUPLICATE_METHOD_MATCH = YES;
				COPY_PHASE_STRIP = NO;
				DEBUG_INFORMATION_FORMAT = dwarf;
				ENABLE_STRICT_OBJC_MSGSEND = YES;
				ENABLE_TESTABILITY = YES;
				ENABLE_USER_SCRIPT_SANDBOXING = YES;
				GCC_C_LANGUAGE_STANDARD = gnu17;
				GCC_DYNAMIC_NO_PIC = NO;
				GCC_NO_COMMON_BLOCKS = YES;
				GCC_OPTIMIZATION_LEVEL = 0;
				GCC_PREPROCESSOR_DEFINITIONS = (
					"DEBUG=1",
					"$(inherited)",
				);
				GCC_WARN_64_TO_32_BIT_CONVERSION = YES;
				GCC_WARN_ABOUT_RETURN_TYPE = YES_ERROR;
				GCC_WARN_UNDECLARED_SELECTOR = YES;
				GCC_WARN_UNINITIALIZED_AUTOS = YES_AGGRESSIVE;
				GCC_WARN_UNUSED_FUNCTION = YES;
				GCC_WARN_UNUSED_VARIABLE = YES;
				IPHONEOS_DEPLOYMENT_TARGET = 17.5;
				LOCALIZATION_PREFERS_STRING_CATALOGS = YES;
				MTL_ENABLE_DEBUG_INFO = INCLUDE_SOURCE;
				MTL_FAST_MATH = YES;
				ONLY_ACTIVE_ARCH = YES;
				SDKROOT = iphoneos;
				SWIFT_ACTIVE_COMPILATION_CONDITIONS = "DEBUG $(inherited)";
				SWIFT_OPTIMIZATION_LEVEL = "-Onone";
			};
			name = Debug;
		};
		9ADC60FA2CC7A63E00714967 /* Release */ = {
			isa = XCBuildConfiguration;
			buildSettings = {
				ALWAYS_SEARCH_USER_PATHS = NO;
				ASSETCATALOG_COMPILER_GENERATE_SWIFT_ASSET_SYMBOL_EXTENSIONS = YES;
				CLANG_ANALYZER_NONNULL = YES;
				CLANG_ANALYZER_NUMBER_OBJECT_CONVERSION = YES_AGGRESSIVE;
				CLANG_CXX_LANGUAGE_STANDARD = "gnu++20";
				CLANG_ENABLE_MODULES = YES;
				CLANG_ENABLE_OBJC_ARC = YES;
				CLANG_ENABLE_OBJC_WEAK = YES;
				CLANG_WARN_BLOCK_CAPTURE_AUTORELEASING = YES;
				CLANG_WARN_BOOL_CONVERSION = YES;
				CLANG_WARN_COMMA = YES;
				CLANG_WARN_CONSTANT_CONVERSION = YES;
				CLANG_WARN_DEPRECATED_OBJC_IMPLEMENTATIONS = YES;
				CLANG_WARN_DIRECT_OBJC_ISA_USAGE = YES_ERROR;
				CLANG_WARN_DOCUMENTATION_COMMENTS = YES;
				CLANG_WARN_EMPTY_BODY = YES;
				CLANG_WARN_ENUM_CONVERSION = YES;
				CLANG_WARN_INFINITE_RECURSION = YES;
				CLANG_WARN_INT_CONVERSION = YES;
				CLANG_WARN_NON_LITERAL_NULL_CONVERSION = YES;
				CLANG_WARN_OBJC_IMPLICIT_RETAIN_SELF = YES;
				CLANG_WARN_OBJC_LITERAL_CONVERSION = YES;
				CLANG_WARN_OBJC_ROOT_CLASS = YES_ERROR;
				CLANG_WARN_QUOTED_INCLUDE_IN_FRAMEWORK_HEADER = YES;
				CLANG_WARN_RANGE_LOOP_ANALYSIS = YES;
				CLANG_WARN_STRICT_PROTOTYPES = YES;
				CLANG_WARN_SUSPICIOUS_MOVE = YES;
				CLANG_WARN_UNGUARDED_AVAILABILITY = YES_AGGRESSIVE;
				CLANG_WARN_UNREACHABLE_CODE = YES;
				CLANG_WARN__DUPLICATE_METHOD_MATCH = YES;
				COPY_PHASE_STRIP = NO;
				DEBUG_INFORMATION_FORMAT = "dwarf-with-dsym";
				ENABLE_NS_ASSERTIONS = NO;
				ENABLE_STRICT_OBJC_MSGSEND = YES;
				ENABLE_USER_SCRIPT_SANDBOXING = YES;
				GCC_C_LANGUAGE_STANDARD = gnu17;
				GCC_NO_COMMON_BLOCKS = YES;
				GCC_WARN_64_TO_32_BIT_CONVERSION = YES;
				GCC_WARN_ABOUT_RETURN_TYPE = YES_ERROR;
				GCC_WARN_UNDECLARED_SELECTOR = YES;
				GCC_WARN_UNINITIALIZED_AUTOS = YES_AGGRESSIVE;
				GCC_WARN_UNUSED_FUNCTION = YES;
				GCC_WARN_UNUSED_VARIABLE = YES;
				IPHONEOS_DEPLOYMENT_TARGET = 17.5;
				LOCALIZATION_PREFERS_STRING_CATALOGS = YES;
				MTL_ENABLE_DEBUG_INFO = NO;
				MTL_FAST_MATH = YES;
				SDKROOT = iphoneos;
				SWIFT_COMPILATION_MODE = wholemodule;
				VALIDATE_PRODUCT = YES;
			};
			name = Release;
		};
		9ADC60FC2CC7A63E00714967 /* Debug */ = {
			isa = XCBuildConfiguration;
			buildSettings = {
				ASSETCATALOG_COMPILER_APPICON_NAME = AppIcon;
				ASSETCATALOG_COMPILER_GLOBAL_ACCENT_COLOR_NAME = AccentColor;
				CODE_SIGN_STYLE = Automatic;
				CURRENT_PROJECT_VERSION = 1;
				DEVELOPMENT_TEAM = 3WB2U7DB5N;
				GENERATE_INFOPLIST_FILE = YES;
				INFOPLIST_FILE = CustomVideoPlayer/Info.plist;
				INFOPLIST_KEY_UIApplicationSupportsIndirectInputEvents = YES;
				INFOPLIST_KEY_UILaunchStoryboardName = LaunchScreen;
				INFOPLIST_KEY_UIMainStoryboardFile = Main;
				INFOPLIST_KEY_UISupportedInterfaceOrientations_iPad = "UIInterfaceOrientationPortrait UIInterfaceOrientationPortraitUpsideDown UIInterfaceOrientationLandscapeLeft UIInterfaceOrientationLandscapeRight";
				INFOPLIST_KEY_UISupportedInterfaceOrientations_iPhone = "UIInterfaceOrientationPortrait UIInterfaceOrientationLandscapeLeft UIInterfaceOrientationLandscapeRight";
				LD_RUNPATH_SEARCH_PATHS = (
					"$(inherited)",
					"@executable_path/Frameworks",
				);
				MARKETING_VERSION = 1.0;
				PRODUCT_BUNDLE_IDENTIFIER = tshun.CustomVideoPlayer;
				PRODUCT_NAME = "$(TARGET_NAME)";
				SWIFT_EMIT_LOC_STRINGS = YES;
				SWIFT_VERSION = 5.0;
				TARGETED_DEVICE_FAMILY = "1,2";
			};
			name = Debug;
		};
		9ADC60FD2CC7A63E00714967 /* Release */ = {
			isa = XCBuildConfiguration;
			buildSettings = {
				ASSETCATALOG_COMPILER_APPICON_NAME = AppIcon;
				ASSETCATALOG_COMPILER_GLOBAL_ACCENT_COLOR_NAME = AccentColor;
				CODE_SIGN_STYLE = Automatic;
				CURRENT_PROJECT_VERSION = 1;
				DEVELOPMENT_TEAM = 3WB2U7DB5N;
				GENERATE_INFOPLIST_FILE = YES;
				INFOPLIST_FILE = CustomVideoPlayer/Info.plist;
				INFOPLIST_KEY_UIApplicationSupportsIndirectInputEvents = YES;
				INFOPLIST_KEY_UILaunchStoryboardName = LaunchScreen;
				INFOPLIST_KEY_UIMainStoryboardFile = Main;
				INFOPLIST_KEY_UISupportedInterfaceOrientations_iPad = "UIInterfaceOrientationPortrait UIInterfaceOrientationPortraitUpsideDown UIInterfaceOrientationLandscapeLeft UIInterfaceOrientationLandscapeRight";
				INFOPLIST_KEY_UISupportedInterfaceOrientations_iPhone = "UIInterfaceOrientationPortrait UIInterfaceOrientationLandscapeLeft UIInterfaceOrientationLandscapeRight";
				LD_RUNPATH_SEARCH_PATHS = (
					"$(inherited)",
					"@executable_path/Frameworks",
				);
				MARKETING_VERSION = 1.0;
				PRODUCT_BUNDLE_IDENTIFIER = tshun.CustomVideoPlayer;
				PRODUCT_NAME = "$(TARGET_NAME)";
				SWIFT_EMIT_LOC_STRINGS = YES;
				SWIFT_VERSION = 5.0;
				TARGETED_DEVICE_FAMILY = "1,2";
			};
			name = Release;
		};
/* End XCBuildConfiguration section */

/* Begin XCConfigurationList section */
		9ADC60E22CC7A63C00714967 /* Build configuration list for PBXProject "CustomVideoPlayer" */ = {
			isa = XCConfigurationList;
			buildConfigurations = (
				9ADC60F92CC7A63E00714967 /* Debug */,
				9ADC60FA2CC7A63E00714967 /* Release */,
			);
			defaultConfigurationIsVisible = 0;
			defaultConfigurationName = Release;
		};
		9ADC60FB2CC7A63E00714967 /* Build configuration list for PBXNativeTarget "CustomVideoPlayer" */ = {
			isa = XCConfigurationList;
			buildConfigurations = (
				9ADC60FC2CC7A63E00714967 /* Debug */,
				9ADC60FD2CC7A63E00714967 /* Release */,
			);
			defaultConfigurationIsVisible = 0;
			defaultConfigurationName = Release;
		};
/* End XCConfigurationList section */
	};
	rootObject = 9ADC60DF2CC7A63C00714967 /* Project object */;
}
